
Microsoft Visual Studio Solution File, Format Version 12.00
# Visual Studio 14
VisualStudioVersion = 14.0.24720.0
MinimumVisualStudioVersion = 10.0.40219.1
Project("{FAE04EC0-301F-11D3-BF4B-00C04F79EFBC}") = "WebTestOneThread", "WebTestOneThread\WebTestOneThread.csproj", "{E3282226-3ED2-4BF1-8755-B8FA34EFC93D}"
EndProject
Project("{FAE04EC0-301F-11D3-BF4B-00C04F79EFBC}") = "ServerAsync", "ServerAsync\ServerAsync.csproj", "{0CB30EA2-86C7-4084-BF67-E9690C85401F}"
EndProject
Project("{FAE04EC0-301F-11D3-BF4B-00C04F79EFBC}") = "ClientAsync", "ClientAsync\ClientAsync.csproj", "{2276FB54-6E2F-4C9A-95D9-3ECFFEA61AE4}"
EndProject
Project("{FAE04EC0-301F-11D3-BF4B-00C04F79EFBC}") = "WebTestLongTask", "WebTestLongTask\WebTestLongTask.csproj", "{72363527-419C-4848-8E85-F93376EF3478}"
EndProject
Global
	GlobalSection(SolutionConfigurationPlatforms) = preSolution
		Debug|Any CPU = Debug|Any CPU
		Release|Any CPU = Release|Any CPU
	EndGlobalSection
	GlobalSection(ProjectConfigurationPlatforms) = postSolution
		{E3282226-3ED2-4BF1-8755-B8FA34EFC93D}.Debug|Any CPU.ActiveCfg = Debug|Any CPU
		{E3282226-3ED2-4BF1-8755-B8FA34EFC93D}.Debug|Any CPU.Build.0 = Debug|Any CPU
		{E3282226-3ED2-4BF1-8755-B8FA34EFC93D}.Release|Any CPU.ActiveCfg = Release|Any CPU
		{E3282226-3ED2-4BF1-8755-B8FA34EFC93D}.Release|Any CPU.Build.0 = Release|Any CPU
		{0CB30EA2-86C7-4084-BF67-E9690C85401F}.Debug|Any CPU.ActiveCfg = Debug|Any CPU
		{0CB30EA2-86C7-4084-BF67-E9690C85401F}.Debug|Any CPU.Build.0 = Debug|Any CPU
		{0CB30EA2-86C7-4084-BF67-E9690C85401F}.Release|Any CPU.ActiveCfg = Release|Any CPU
		{0CB30EA2-86C7-4084-BF67-E9690C85401F}.Release|Any CPU.Build.0 = Release|Any CPU
		{2276FB54-6E2F-4C9A-95D9-3ECFFEA61AE4}.Debug|Any CPU.ActiveCfg = Debug|Any CPU
		{2276FB54-6E2F-4C9A-95D9-3ECFFEA61AE4}.Debug|Any CPU.Build.0 = Debug|Any CPU
		{2276FB54-6E2F-4C9A-95D9-3ECFFEA61AE4}.Release|Any CPU.ActiveCfg = Release|Any CPU
		{2276FB54-6E2F-4C9A-95D9-3ECFFEA61AE4}.Release|Any CPU.Build.0 = Release|Any CPU
		{72363527-419C-4848-8E85-F93376EF3478}.Debug|Any CPU.ActiveCfg = Debug|Any CPU
		{72363527-419C-4848-8E85-F93376EF3478}.Debug|Any CPU.Build.0 = Debug|Any CPU
		{72363527-419C-4848-8E85-F93376EF3478}.Release|Any CPU.ActiveCfg = Release|Any CPU
		{72363527-419C-4848-8E85-F93376EF3478}.Release|Any CPU.Build.0 = Release|Any CPU
	EndGlobalSection
	GlobalSection(SolutionProperties) = preSolution
		HideSolutionNode = FALSE
	EndGlobalSection
EndGlobal
